{
  "name": "client",
  "lockfileVersion": 3,
  "requires": true,
  "packages": {
    "": {
      "dependencies": {
        "dotenv-flow": "^4.1.0"
      }
    },
    "node_modules/dotenv": {
      "version": "16.4.5",
      "resolved": "https://registry.npmjs.org/dotenv/-/dotenv-16.4.5.tgz",
      "integrity": "sha512-ZmdL2rui+eB2YwhsWzjInR8LldtZHGDoQ1ugH85ppHKwpUHL7j7rN0Ti9NCnGiQbhaZ11FpR+7ao1dNsmduNUg==",
      "license": "BSD-2-Clause",
      "engines": {
        "node": ">=12"
      },
      "funding": {
        "url": "https://dotenvx.com"
      }
    },
    "node_modules/dotenv-flow": {
      "version": "4.1.0",
      "resolved": "https://registry.npmjs.org/dotenv-flow/-/dotenv-flow-4.1.0.tgz",
      "integrity": "sha512-0cwP9jpQBQfyHwvE0cRhraZMkdV45TQedA8AAUZMsFzvmLcQyc1HPv+oX0OOYwLFjIlvgVepQ+WuQHbqDaHJZg==",
      "license": "MIT",
      "dependencies": {
        "dotenv": "^16.0.0"
      },
      "engines": {
        "node": ">= 12.0.0"
      }
    }
  }
}
